// !$*UTF8*$!
{
	archiveVersion = 1;
	classes = {
	};
	objectVersion = 55;
	objects = {

/* Begin PBXBuildFile section */
		CE02166C283D3F8E004C513C /* AppDelegate.swift in Sources */ = {isa = PBXBuildFile; fileRef = CE02166B283D3F8E004C513C /* AppDelegate.swift */; };
		CE021673283D3F8E004C513C /* Main.storyboard in Resources */ = {isa = PBXBuildFile; fileRef = CE021671283D3F8E004C513C /* Main.storyboard */; };
		CE021675283D3F90004C513C /* Assets.xcassets in Resources */ = {isa = PBXBuildFile; fileRef = CE021674283D3F90004C513C /* Assets.xcassets */; };
		CE021678283D3F90004C513C /* LaunchScreen.storyboard in Resources */ = {isa = PBXBuildFile; fileRef = CE021676283D3F90004C513C /* LaunchScreen.storyboard */; };
		CE724F29289E73E4002D74CE /* Settings.swift in Sources */ = {isa = PBXBuildFile; fileRef = CE724F28289E73E4002D74CE /* Settings.swift */; };
		CED0C17F284839F70027516B /* SettingsTableViewController.swift in Sources */ = {isa = PBXBuildFile; fileRef = CED0C17E284839F70027516B /* SettingsTableViewController.swift */; };
		CED0C18528495C470027516B /* SelectTimeViewController.swift in Sources */ = {isa = PBXBuildFile; fileRef = CED0C18428495C470027516B /* SelectTimeViewController.swift */; };
		CEF8C42C28A7A6AD0046A886 /* RecordViewController.swift in Sources */ = {isa = PBXBuildFile; fileRef = CEF8C42B28A7A6AD0046A886 /* RecordViewController.swift */; };
		CEFA9EAA283E84D100D259FD /* GameViewController.swift in Sources */ = {isa = PBXBuildFile; fileRef = CEFA9EA9283E84D100D259FD /* GameViewController.swift */; };
		CEFB50E12840DF6F00692F70 /* Game.swift in Sources */ = {isa = PBXBuildFile; fileRef = CEFB50E02840DF6F00692F70 /* Game.swift */; };
/* End PBXBuildFile section */

/* Begin PBXFileReference section */
		CE021668283D3F8E004C513C /* FidnNumber.app */ = {isa = PBXFileReference; explicitFileType = wrapper.application; includeInIndex = 0; path = FidnNumber.app; sourceTree = BUILT_PRODUCTS_DIR; };
		CE02166B283D3F8E004C513C /* AppDelegate.swift */ = {isa = PBXFileReference; lastKnownFileType = sourcecode.swift; path = AppDelegate.swift; sourceTree = "<group>"; };
		CE021672283D3F8E004C513C /* Base */ = {isa = PBXFileReference; lastKnownFileType = file.storyboard; name = Base; path = Base.lproj/Main.storyboard; sourceTree = "<group>"; };
		CE021674283D3F90004C513C /* Assets.xcassets */ = {isa = PBXFileReference; lastKnownFileType = folder.assetcatalog; path = Assets.xcassets; sourceTree = "<group>"; };
		CE021677283D3F90004C513C /* Base */ = {isa = PBXFileReference; lastKnownFileType = file.storyboard; name = Base; path = Base.lproj/LaunchScreen.storyboard; sourceTree = "<group>"; };
		CE021679283D3F90004C513C /* Info.plist */ = {isa = PBXFileReference; lastKnownFileType = text.plist.xml; path = Info.plist; sourceTree = "<group>"; };
		CE724F28289E73E4002D74CE /* Settings.swift */ = {isa = PBXFileReference; lastKnownFileType = sourcecode.swift; path = Settings.swift; sourceTree = "<group>"; };
		CED0C17E284839F70027516B /* SettingsTableViewController.swift */ = {isa = PBXFileReference; lastKnownFileType = sourcecode.swift; path = SettingsTableViewController.swift; sourceTree = "<group>"; };
		CED0C18428495C470027516B /* SelectTimeViewController.swift */ = {isa = PBXFileReference; lastKnownFileType = sourcecode.swift; path = SelectTimeViewController.swift; sourceTree = "<group>"; };
		CEF8C42B28A7A6AD0046A886 /* RecordViewController.swift */ = {isa = PBXFileReference; lastKnownFileType = sourcecode.swift; path = RecordViewController.swift; sourceTree = "<group>"; };
		CEFA9EA9283E84D100D259FD /* GameViewController.swift */ = {isa = PBXFileReference; lastKnownFileType = sourcecode.swift; path = GameViewController.swift; sourceTree = "<group>"; };
		CEFB50E02840DF6F00692F70 /* Game.swift */ = {isa = PBXFileReference; lastKnownFileType = sourcecode.swift; path = Game.swift; sourceTree = "<group>"; };
/* End PBXFileReference section */

/* Begin PBXFrameworksBuildPhase section */
		CE021665283D3F8E004C513C /* Frameworks */ = {
			isa = PBXFrameworksBuildPhase;
			buildActionMask = 2147483647;
			files = (
			);
			runOnlyForDeploymentPostprocessing = 0;
		};
/* End PBXFrameworksBuildPhase section */

/* Begin PBXGroup section */
		CE02165F283D3F8E004C513C = {
			isa = PBXGroup;
			children = (
				CE02166A283D3F8E004C513C /* FidnNumber */,
				CE021669283D3F8E004C513C /* Products */,
			);
			sourceTree = "<group>";
		};
		CE021669283D3F8E004C513C /* Products */ = {
			isa = PBXGroup;
			children = (
				CE021668283D3F8E004C513C /* FidnNumber.app */,
			);
			name = Products;
			sourceTree = "<group>";
		};
		CE02166A283D3F8E004C513C /* FidnNumber */ = {
			isa = PBXGroup;
			children = (
				CE02166B283D3F8E004C513C /* AppDelegate.swift */,
				CE021671283D3F8E004C513C /* Main.storyboard */,
				CE021674283D3F90004C513C /* Assets.xcassets */,
				CE021676283D3F90004C513C /* LaunchScreen.storyboard */,
				CE021679283D3F90004C513C /* Info.plist */,
				CEFA9EA9283E84D100D259FD /* GameViewController.swift */,
				CEFB50E02840DF6F00692F70 /* Game.swift */,
				CED0C17E284839F70027516B /* SettingsTableViewController.swift */,
				CED0C18428495C470027516B /* SelectTimeViewController.swift */,
				CE724F28289E73E4002D74CE /* Settings.swift */,
				CEF8C42B28A7A6AD0046A886 /* RecordViewController.swift */,
			);
			path = FidnNumber;
			sourceTree = "<group>";
		};
/* End PBXGroup section */

/* Begin PBXNativeTarget section */
		CE021667283D3F8E004C513C /* FidnNumber */ = {
			isa = PBXNativeTarget;
			buildConfigurationList = CE02167C283D3F90004C513C /* Build configuration list for PBXNativeTarget "FidnNumber" */;
			buildPhases = (
				CE021664283D3F8E004C513C /* Sources */,
				CE021665283D3F8E004C513C /* Frameworks */,
				CE021666283D3F8E004C513C /* Resources */,
			);
			buildRules = (
			);
			dependencies = (
			);
			name = FidnNumber;
			productName = FidnNumber;
			productReference = CE021668283D3F8E004C513C /* FidnNumber.app */;
			productType = "com.apple.product-type.application";
		};
/* End PBXNativeTarget section */

/* Begin PBXProject section */
		CE021660283D3F8E004C513C /* Project object */ = {
			isa = PBXProject;
			attributes = {
				BuildIndependentTargetsInParallel = 1;
				LastSwiftUpdateCheck = 1330;
				LastUpgradeCheck = 1330;
				TargetAttributes = {
					CE021667283D3F8E004C513C = {
						CreatedOnToolsVersion = 13.3.1;
					};
				};
			};
			buildConfigurationList = CE021663283D3F8E004C513C /* Build configuration list for PBXProject "FidnNumber" */;
			compatibilityVersion = "Xcode 13.0";
			developmentRegion = en;
			hasScannedForEncodings = 0;
			knownRegions = (
				en,
				Base,
			);
			mainGroup = CE02165F283D3F8E004C513C;
			productRefGroup = CE021669283D3F8E004C513C /* Products */;
			projectDirPath = "";
			projectRoot = "";
			targets = (
				CE021667283D3F8E004C513C /* FidnNumber */,
			);
		};
/* End PBXProject section */

/* Begin PBXResourcesBuildPhase section */
		CE021666283D3F8E004C513C /* Resources */ = {
			isa = PBXResourcesBuildPhase;
			buildActionMask = 2147483647;
			files = (
				CE021678283D3F90004C513C /* LaunchScreen.storyboard in Resources */,
				CE021675283D3F90004C513C /* Assets.xcassets in Resources */,
				CE021673283D3F8E004C513C /* Main.storyboard in Resources */,
			);
			runOnlyForDeploymentPostprocessing = 0;
		};
/* End PBXResourcesBuildPhase section */

/* Begin PBXSourcesBuildPhase section */
		CE021664283D3F8E004C513C /* Sources */ = {
			isa = PBXSourcesBuildPhase;
			buildActionMask = 2147483647;
			files = (
				CEFA9EAA283E84D100D259FD /* GameViewController.swift in Sources */,
				CEFB50E12840DF6F00692F70 /* Game.swift in Sources */,
				CED0C17F284839F70027516B /* SettingsTableViewController.swift in Sources */,
				CE724F29289E73E4002D74CE /* Settings.swift in Sources */,
				CEF8C42C28A7A6AD0046A886 /* RecordViewController.swift in Sources */,
				CE02166C283D3F8E004C513C /* AppDelegate.swift in Sources */,
				CED0C18528495C470027516B /* SelectTimeViewController.swift in Sources */,
			);
			runOnlyForDeploymentPostprocessing = 0;
		};
/* End PBXSourcesBuildPhase section */

/* Begin PBXVariantGroup section */
		CE021671283D3F8E004C513C /* Main.storyboard */ = {
			isa = PBXVariantGroup;
			children = (
				CE021672283D3F8E004C513C /* Base */,
			);
			name = Main.storyboard;
			sourceTree = "<group>";
		};
		CE021676283D3F90004C513C /* LaunchScreen.storyboard */ = {
			isa = PBXVariantGroup;
			children = (
				CE021677283D3F90004C513C /* Base */,
			);
			name = LaunchScreen.storyboard;
			sourceTree = "<group>";
		};
/* End PBXVariantGroup section */

/* Begin XCBuildConfiguration section */
		CE02167A283D3F90004C513C /* Debug */ = {
			isa = XCBuildConfiguration;
			buildSettings = {
				ALWAYS_SEARCH_USER_PATHS = NO;
				CLANG_ANALYZER_NONNULL = YES;
				CLANG_ANALYZER_NUMBER_OBJECT_CONVERSION = YES_AGGRESSIVE;
				CLANG_CXX_LANGUAGE_STANDARD = "gnu++17";
				CLANG_ENABLE_MODULES = YES;
				CLANG_ENABLE_OBJC_ARC = YES;
				CLANG_ENABLE_OBJC_WEAK = YES;
				CLANG_WARN_BLOCK_CAPTURE_AUTORELEASING = YES;
				CLANG_WARN_BOOL_CONVERSION = YES;
				CLANG_WARN_COMMA = YES;
				CLANG_WARN_CONSTANT_CONVERSION = YES;
				CLANG_WARN_DEPRECATED_OBJC_IMPLEMENTATIONS = YES;
				CLANG_WARN_DIRECT_OBJC_ISA_USAGE = YES_ERROR;
				CLANG_WARN_DOCUMENTATION_COMMENTS = YES;
				CLANG_WARN_EMPTY_BODY = YES;
				CLANG_WARN_ENUM_CONVERSION = YES;
				CLANG_WARN_INFINITE_RECURSION = YES;
				CLANG_WARN_INT_CONVERSION = YES;
				CLANG_WARN_NON_LITERAL_NULL_CONVERSION = YES;
				CLANG_WARN_OBJC_IMPLICIT_RETAIN_SELF = YES;
				CLANG_WARN_OBJC_LITERAL_CONVERSION = YES;
				CLANG_WARN_OBJC_ROOT_CLASS = YES_ERROR;
				CLANG_WARN_QUOTED_INCLUDE_IN_FRAMEWORK_HEADER = YES;
				CLANG_WARN_RANGE_LOOP_ANALYSIS = YES;
				CLANG_WARN_STRICT_PROTOTYPES = YES;
				CLANG_WARN_SUSPICIOUS_MOVE = YES;
				CLANG_WARN_UNGUARDED_AVAILABILITY = YES_AGGRESSIVE;
				CLANG_WARN_UNREACHABLE_CODE = YES;
				CLANG_WARN__DUPLICATE_METHOD_MATCH = YES;
				COPY_PHASE_STRIP = NO;
				DEBUG_INFORMATION_FORMAT = dwarf;
				ENABLE_STRICT_OBJC_MSGSEND = YES;
				ENABLE_TESTABILITY = YES;
				GCC_C_LANGUAGE_STANDARD = gnu11;
				GCC_DYNAMIC_NO_PIC = NO;
				GCC_NO_COMMON_BLOCKS = YES;
				GCC_OPTIMIZATION_LEVEL = 0;
				GCC_PREPROCESSOR_DEFINITIONS = (
					"DEBUG=1",
					"$(inherited)",
				);
				GCC_WARN_64_TO_32_BIT_CONVERSION = YES;
				GCC_WARN_ABOUT_RETURN_TYPE = YES_ERROR;
				GCC_WARN_UNDECLARED_SELECTOR = YES;
				GCC_WARN_UNINITIALIZED_AUTOS = YES_AGGRESSIVE;
				GCC_WARN_UNUSED_FUNCTION = YES;
				GCC_WARN_UNUSED_VARIABLE = YES;
				IPHONEOS_DEPLOYMENT_TARGET = 15.5;
				MTL_ENABLE_DEBUG_INFO = INCLUDE_SOURCE;
				MTL_FAST_MATH = YES;
				ONLY_ACTIVE_ARCH = YES;
				SDKROOT = iphoneos;
				SWIFT_ACTIVE_COMPILATION_CONDITIONS = DEBUG;
				SWIFT_OPTIMIZATION_LEVEL = "-Onone";
			};
			name = Debug;
		};
		CE02167B283D3F90004C513C /* Release */ = {
			isa = XCBuildConfiguration;
			buildSettings = {
				ALWAYS_SEARCH_USER_PATHS = NO;
				CLANG_ANALYZER_NONNULL = YES;
				CLANG_ANALYZER_NUMBER_OBJECT_CONVERSION = YES_AGGRESSIVE;
				CLANG_CXX_LANGUAGE_STANDARD = "gnu++17";
				CLANG_ENABLE_MODULES = YES;
				CLANG_ENABLE_OBJC_ARC = YES;
				CLANG_ENABLE_OBJC_WEAK = YES;
				CLANG_WARN_BLOCK_CAPTURE_AUTORELEASING = YES;
				CLANG_WARN_BOOL_CONVERSION = YES;
				CLANG_WARN_COMMA = YES;
				CLANG_WARN_CONSTANT_CONVERSION = YES;
				CLANG_WARN_DEPRECATED_OBJC_IMPLEMENTATIONS = YES;
				CLANG_WARN_DIRECT_OBJC_ISA_USAGE = YES_ERROR;
				CLANG_WARN_DOCUMENTATION_COMMENTS = YES;
				CLANG_WARN_EMPTY_BODY = YES;
				CLANG_WARN_ENUM_CONVERSION = YES;
				CLANG_WARN_INFINITE_RECURSION = YES;
				CLANG_WARN_INT_CONVERSION = YES;
				CLANG_WARN_NON_LITERAL_NULL_CONVERSION = YES;
				CLANG_WARN_OBJC_IMPLICIT_RETAIN_SELF = YES;
				CLANG_WARN_OBJC_LITERAL_CONVERSION = YES;
				CLANG_WARN_OBJC_ROOT_CLASS = YES_ERROR;
				CLANG_WARN_QUOTED_INCLUDE_IN_FRAMEWORK_HEADER = YES;
				CLANG_WARN_RANGE_LOOP_ANALYSIS = YES;
				CLANG_WARN_STRICT_PROTOTYPES = YES;
				CLANG_WARN_SUSPICIOUS_MOVE = YES;
				CLANG_WARN_UNGUARDED_AVAILABILITY = YES_AGGRESSIVE;
				CLANG_WARN_UNREACHABLE_CODE = YES;
				CLANG_WARN__DUPLICATE_METHOD_MATCH = YES;
				COPY_PHASE_STRIP = NO;
				DEBUG_INFORMATION_FORMAT = "dwarf-with-dsym";
				ENABLE_NS_ASSERTIONS = NO;
				ENABLE_STRICT_OBJC_MSGSEND = YES;
				GCC_C_LANGUAGE_STANDARD = gnu11;
				GCC_NO_COMMON_BLOCKS = YES;
				GCC_WARN_64_TO_32_BIT_CONVERSION = YES;
				GCC_WARN_ABOUT_RETURN_TYPE = YES_ERROR;
				GCC_WARN_UNDECLARED_SELECTOR = YES;
				GCC_WARN_UNINITIALIZED_AUTOS = YES_AGGRESSIVE;
				GCC_WARN_UNUSED_FUNCTION = YES;
				GCC_WARN_UNUSED_VARIABLE = YES;
				IPHONEOS_DEPLOYMENT_TARGET = 15.5;
				MTL_ENABLE_DEBUG_INFO = NO;
				MTL_FAST_MATH = YES;
				SDKROOT = iphoneos;
				SWIFT_COMPILATION_MODE = wholemodule;
				SWIFT_OPTIMIZATION_LEVEL = "-O";
				VALIDATE_PRODUCT = YES;
			};
			name = Release;
		};
		CE02167D283D3F90004C513C /* Debug */ = {
			isa = XCBuildConfiguration;
			buildSettings = {
				ASSETCATALOG_COMPILER_APPICON_NAME = AppIcon;
				ASSETCATALOG_COMPILER_GLOBAL_ACCENT_COLOR_NAME = AccentColor;
				CODE_SIGN_STYLE = Automatic;
				CURRENT_PROJECT_VERSION = 1;
				DEVELOPMENT_TEAM = H9AL2KKD5S;
				GENERATE_INFOPLIST_FILE = YES;
				INFOPLIST_FILE = FidnNumber/Info.plist;
				INFOPLIST_KEY_CFBundleDisplayName = "Find Number";
				INFOPLIST_KEY_UIApplicationSupportsIndirectInputEvents = YES;
				INFOPLIST_KEY_UILaunchStoryboardName = LaunchScreen;
				INFOPLIST_KEY_UIMainStoryboardFile = Main;
				INFOPLIST_KEY_UISupportedInterfaceOrientations = UIInterfaceOrientationPortrait;
				INFOPLIST_KEY_UISupportedInterfaceOrientations_iPad = "UIInterfaceOrientationPortrait UIInterfaceOrientationPortraitUpsideDown UIInterfaceOrientationLandscapeLeft UIInterfaceOrientationLandscapeRight";
				INFOPLIST_KEY_UISupportedInterfaceOrientations_iPhone = "UIInterfaceOrientationPortrait UIInterfaceOrientationLandscapeLeft UIInterfaceOrientationLandscapeRight";
				IPHONEOS_DEPLOYMENT_TARGET = 11.0;
				LD_RUNPATH_SEARCH_PATHS = (
					"$(inherited)",
					"@executable_path/Frameworks",
				);
				MARKETING_VERSION = 1.0;
				PRODUCT_BUNDLE_IDENTIFIER = edu.self.FidnNumber;
				PRODUCT_NAME = "$(TARGET_NAME)";
				SWIFT_EMIT_LOC_STRINGS = YES;
				SWIFT_VERSION = 5.0;
				TARGETED_DEVICE_FAMILY = 1;
			};
			name = Debug;
		};
		CE02167E283D3F90004C513C /* Release */ = {
			isa = XCBuildConfiguration;
			buildSettings = {
				ASSETCATALOG_COMPILER_APPICON_NAME = AppIcon;
				ASSETCATALOG_COMPILER_GLOBAL_ACCENT_COLOR_NAME = AccentColor;
				CODE_SIGN_STYLE = Automatic;
				CURRENT_PROJECT_VERSION = 1;
				DEVELOPMENT_TEAM = H9AL2KKD5S;
				GENERATE_INFOPLIST_FILE = YES;
				INFOPLIST_FILE = FidnNumber/Info.plist;
				INFOPLIST_KEY_CFBundleDisplayName = "Find Number";
				INFOPLIST_KEY_UIApplicationSupportsIndirectInputEvents = YES;
				INFOPLIST_KEY_UILaunchStoryboardName = LaunchScreen;
				INFOPLIST_KEY_UIMainStoryboardFile = Main;
				INFOPLIST_KEY_UISupportedInterfaceOrientations = UIInterfaceOrientationPortrait;
				INFOPLIST_KEY_UISupportedInterfaceOrientations_iPad = "UIInterfaceOrientationPortrait UIInterfaceOrientationPortraitUpsideDown UIInterfaceOrientationLandscapeLeft UIInterfaceOrientationLandscapeRight";
				INFOPLIST_KEY_UISupportedInterfaceOrientations_iPhone = "UIInterfaceOrientationPortrait UIInterfaceOrientationLandscapeLeft UIInterfaceOrientationLandscapeRight";
				IPHONEOS_DEPLOYMENT_TARGET = 11.0;
				LD_RUNPATH_SEARCH_PATHS = (
					"$(inherited)",
					"@executable_path/Frameworks",
				);
				MARKETING_VERSION = 1.0;
				PRODUCT_BUNDLE_IDENTIFIER = edu.self.FidnNumber;
				PRODUCT_NAME = "$(TARGET_NAME)";
				SWIFT_EMIT_LOC_STRINGS = YES;
				SWIFT_VERSION = 5.0;
				TARGETED_DEVICE_FAMILY = 1;
			};
			name = Release;
		};
/* End XCBuildConfiguration section */

/* Begin XCConfigurationList section */
		CE021663283D3F8E004C513C /* Build configuration list for PBXProject "FidnNumber" */ = {
			isa = XCConfigurationList;
			buildConfigurations = (
				CE02167A283D3F90004C513C /* Debug */,
				CE02167B283D3F90004C513C /* Release */,
			);
			defaultConfigurationIsVisible = 0;
			defaultConfigurationName = Release;
		};
		CE02167C283D3F90004C513C /* Build configuration list for PBXNativeTarget "FidnNumber" */ = {
			isa = XCConfigurationList;
			buildConfigurations = (
				CE02167D283D3F90004C513C /* Debug */,
				CE02167E283D3F90004C513C /* Release */,
			);
			defaultConfigurationIsVisible = 0;
			defaultConfigurationName = Release;
		};
/* End XCConfigurationList section */
	};
	rootObject = CE021660283D3F8E004C513C /* Project object */;
}
